
Microsoft Visual Studio Solution File, Format Version 12.00
# Visual Studio 15
VisualStudioVersion = 15.0.28307.168
MinimumVisualStudioVersion = 10.0.40219.1
Project("{FAE04EC0-301F-11D3-BF4B-00C04F79EFBC}") = "ActivoFijo", "ActivoFijo\ActivoFijo.csproj", "{6A3575E7-5080-4CFA-A70E-C64FED84AB69}"
EndProject
Project("{54435603-DBB4-11D2-8724-00A0C9A8B90C}") = "ActivoFijoSetup", "ActivoFijoSetup\ActivoFijoSetup.vdproj", "{EBA64F9A-14D4-44A8-9F38-4C1AAFCD5F00}"
EndProject
Global
	GlobalSection(SolutionConfigurationPlatforms) = preSolution
		Debug|Any CPU = Debug|Any CPU
		Release|Any CPU = Release|Any CPU
	EndGlobalSection
	GlobalSection(ProjectConfigurationPlatforms) = postSolution
		{6A3575E7-5080-4CFA-A70E-C64FED84AB69}.Debug|Any CPU.ActiveCfg = Debug|Any CPU
		{6A3575E7-5080-4CFA-A70E-C64FED84AB69}.Debug|Any CPU.Build.0 = Debug|Any CPU
		{6A3575E7-5080-4CFA-A70E-C64FED84AB69}.Release|Any CPU.ActiveCfg = Release|Any CPU
		{6A3575E7-5080-4CFA-A70E-C64FED84AB69}.Release|Any CPU.Build.0 = Release|Any CPU
		{EBA64F9A-14D4-44A8-9F38-4C1AAFCD5F00}.Debug|Any CPU.ActiveCfg = Debug
		{EBA64F9A-14D4-44A8-9F38-4C1AAFCD5F00}.Release|Any CPU.ActiveCfg = Release
	EndGlobalSection
	GlobalSection(SolutionProperties) = preSolution
		HideSolutionNode = FALSE
	EndGlobalSection
	GlobalSection(ExtensibilityGlobals) = postSolution
		SolutionGuid = {6381F58C-F609-400E-8B5D-B70D6C2CDC8B}
	EndGlobalSection
EndGlobal
